
Microsoft Visual Studio Solution File, Format Version 12.00
# Visual Studio Version 17
VisualStudioVersion = 17.0.31903.59
MinimumVisualStudioVersion = 10.0.40219.1
Project("{FAE04EC0-301F-11D3-BF4B-00C04F79EFBC}") = "ModuleSoanDe", "ModuleSoanDe\ModuleSoanDe.csproj", "{84FC95F3-281E-44FF-9287-4608DDDB1F1C}"
EndProject
Project("{FAE04EC0-301F-11D3-BF4B-00C04F79EFBC}") = "ModuleThiTracNghiem", "ModuleThiTracNghiem\ModuleThiTracNghiem.csproj", "{CF8B7388-71BF-4CAC-83B8-1BE4B29C7B4B}"
EndProject
Global
	GlobalSection(SolutionConfigurationPlatforms) = preSolution
		Debug|Any CPU = Debug|Any CPU
		Release|Any CPU = Release|Any CPU
	EndGlobalSection
	GlobalSection(ProjectConfigurationPlatforms) = postSolution
		{84FC95F3-281E-44FF-9287-4608DDDB1F1C}.Debug|Any CPU.ActiveCfg = Debug|Any CPU
		{84FC95F3-281E-44FF-9287-4608DDDB1F1C}.Debug|Any CPU.Build.0 = Debug|Any CPU
		{84FC95F3-281E-44FF-9287-4608DDDB1F1C}.Release|Any CPU.ActiveCfg = Release|Any CPU
		{84FC95F3-281E-44FF-9287-4608DDDB1F1C}.Release|Any CPU.Build.0 = Release|Any CPU
		{CF8B7388-71BF-4CAC-83B8-1BE4B29C7B4B}.Debug|Any CPU.ActiveCfg = Debug|Any CPU
		{CF8B7388-71BF-4CAC-83B8-1BE4B29C7B4B}.Debug|Any CPU.Build.0 = Debug|Any CPU
		{CF8B7388-71BF-4CAC-83B8-1BE4B29C7B4B}.Release|Any CPU.ActiveCfg = Release|Any CPU
		{CF8B7388-71BF-4CAC-83B8-1BE4B29C7B4B}.Release|Any CPU.Build.0 = Release|Any CPU
	EndGlobalSection
	GlobalSection(SolutionProperties) = preSolution
		HideSolutionNode = FALSE
	EndGlobalSection
	GlobalSection(ExtensibilityGlobals) = postSolution
		SolutionGuid = {2916FAE9-262D-4CEF-BEA0-111A22D832E5}
	EndGlobalSection
EndGlobal
